
Microsoft Visual Studio Solution File, Format Version 12.00
# Visual Studio Version 16
VisualStudioVersion = 16.0.29306.81
MinimumVisualStudioVersion = 10.0.40219.1
Project("{FAE04EC0-301F-11D3-BF4B-00C04F79EFBC}") = "MyLaba2.2", "MyLaba2.2.csproj", "{B6C36667-ACFB-49F8-80C5-F798BE78FA20}"
EndProject
Global
	GlobalSection(SolutionConfigurationPlatforms) = preSolution
		Debug|Any CPU = Debug|Any CPU
		Release|Any CPU = Release|Any CPU
	EndGlobalSection
	GlobalSection(ProjectConfigurationPlatforms) = postSolution
		{B6C36667-ACFB-49F8-80C5-F798BE78FA20}.Debug|Any CPU.ActiveCfg = Debug|Any CPU
		{B6C36667-ACFB-49F8-80C5-F798BE78FA20}.Debug|Any CPU.Build.0 = Debug|Any CPU
		{B6C36667-ACFB-49F8-80C5-F798BE78FA20}.Release|Any CPU.ActiveCfg = Release|Any CPU
		{B6C36667-ACFB-49F8-80C5-F798BE78FA20}.Release|Any CPU.Build.0 = Release|Any CPU
	EndGlobalSection
	GlobalSection(SolutionProperties) = preSolution
		HideSolutionNode = FALSE
	EndGlobalSection
	GlobalSection(ExtensibilityGlobals) = postSolution
		SolutionGuid = {025A42AD-BC3A-40C8-A576-5BAFC1779E2E}
	EndGlobalSection
EndGlobal
